
Microsoft Visual Studio Solution File, Format Version 12.00
# Visual Studio Version 16
VisualStudioVersion = 16.0.31729.503
MinimumVisualStudioVersion = 10.0.40219.1
Project("{FAE04EC0-301F-11D3-BF4B-00C04F79EFBC}") = "dotnet-rpg", "dotnet-rpg\dotnet-rpg.csproj", "{AF3CF98A-9324-48B3-AECF-888513F6488D}"
EndProject
Global
	GlobalSection(SolutionConfigurationPlatforms) = preSolution
		Debug|Any CPU = Debug|Any CPU
		Release|Any CPU = Release|Any CPU
	EndGlobalSection
	GlobalSection(ProjectConfigurationPlatforms) = postSolution
		{AF3CF98A-9324-48B3-AECF-888513F6488D}.Debug|Any CPU.ActiveCfg = Debug|Any CPU
		{AF3CF98A-9324-48B3-AECF-888513F6488D}.Debug|Any CPU.Build.0 = Debug|Any CPU
		{AF3CF98A-9324-48B3-AECF-888513F6488D}.Release|Any CPU.ActiveCfg = Release|Any CPU
		{AF3CF98A-9324-48B3-AECF-888513F6488D}.Release|Any CPU.Build.0 = Release|Any CPU
	EndGlobalSection
	GlobalSection(SolutionProperties) = preSolution
		HideSolutionNode = FALSE
	EndGlobalSection
	GlobalSection(ExtensibilityGlobals) = postSolution
		SolutionGuid = {E828F659-945E-4476-AF20-806607EBEB11}
	EndGlobalSection
EndGlobal
